// !$*UTF8*$!
{
	archiveVersion = 1;
	classes = {
	};
	objectVersion = 50;
	objects = {

/* Begin PBXBuildFile section */
		DC2C335D29D1A6B8000F10FC /* AppDelegate.swift in Sources */ = {isa = PBXBuildFile; fileRef = DC2C335C29D1A6B8000F10FC /* AppDelegate.swift */; };
		DC2C335F29D1A6B8000F10FC /* SceneDelegate.swift in Sources */ = {isa = PBXBuildFile; fileRef = DC2C335E29D1A6B8000F10FC /* SceneDelegate.swift */; };
		DC2C336129D1A6B8000F10FC /* ViewController.swift in Sources */ = {isa = PBXBuildFile; fileRef = DC2C336029D1A6B8000F10FC /* ViewController.swift */; };
		DC2C336429D1A6B8000F10FC /* Main.storyboard in Resources */ = {isa = PBXBuildFile; fileRef = DC2C336229D1A6B8000F10FC /* Main.storyboard */; };
		DC2C336629D1A6BF000F10FC /* Assets.xcassets in Resources */ = {isa = PBXBuildFile; fileRef = DC2C336529D1A6BF000F10FC /* Assets.xcassets */; };
		DC2C336929D1A6BF000F10FC /* LaunchScreen.storyboard in Resources */ = {isa = PBXBuildFile; fileRef = DC2C336729D1A6BF000F10FC /* LaunchScreen.storyboard */; };
		DC56056229D1FB590017EBAC /* ViewController02.swift in Sources */ = {isa = PBXBuildFile; fileRef = DC56056129D1FB590017EBAC /* ViewController02.swift */; };
/* End PBXBuildFile section */

/* Begin PBXFileReference section */
		DC2C335929D1A6B8000F10FC /* projeto02.app */ = {isa = PBXFileReference; explicitFileType = wrapper.application; includeInIndex = 0; path = projeto02.app; sourceTree = BUILT_PRODUCTS_DIR; };
		DC2C335C29D1A6B8000F10FC /* AppDelegate.swift */ = {isa = PBXFileReference; lastKnownFileType = sourcecode.swift; path = AppDelegate.swift; sourceTree = "<group>"; };
		DC2C335E29D1A6B8000F10FC /* SceneDelegate.swift */ = {isa = PBXFileReference; lastKnownFileType = sourcecode.swift; path = SceneDelegate.swift; sourceTree = "<group>"; };
		DC2C336029D1A6B8000F10FC /* ViewController.swift */ = {isa = PBXFileReference; lastKnownFileType = sourcecode.swift; path = ViewController.swift; sourceTree = "<group>"; };
		DC2C336329D1A6B8000F10FC /* Base */ = {isa = PBXFileReference; lastKnownFileType = file.storyboard; name = Base; path = Base.lproj/Main.storyboard; sourceTree = "<group>"; };
		DC2C336529D1A6BF000F10FC /* Assets.xcassets */ = {isa = PBXFileReference; lastKnownFileType = folder.assetcatalog; path = Assets.xcassets; sourceTree = "<group>"; };
		DC2C336829D1A6BF000F10FC /* Base */ = {isa = PBXFileReference; lastKnownFileType = file.storyboard; name = Base; path = Base.lproj/LaunchScreen.storyboard; sourceTree = "<group>"; };
		DC2C336A29D1A6BF000F10FC /* Info.plist */ = {isa = PBXFileReference; lastKnownFileType = text.plist.xml; path = Info.plist; sourceTree = "<group>"; };
		DC56056129D1FB590017EBAC /* ViewController02.swift */ = {isa = PBXFileReference; lastKnownFileType = sourcecode.swift; path = ViewController02.swift; sourceTree = "<group>"; };
/* End PBXFileReference section */

/* Begin PBXFrameworksBuildPhase section */
		DC2C335629D1A6B8000F10FC /* Frameworks */ = {
			isa = PBXFrameworksBuildPhase;
			buildActionMask = 2147483647;
			files = (
			);
			runOnlyForDeploymentPostprocessing = 0;
		};
/* End PBXFrameworksBuildPhase section */

/* Begin PBXGroup section */
		DC2C335029D1A6B8000F10FC = {
			isa = PBXGroup;
			children = (
				DC2C335B29D1A6B8000F10FC /* projeto02 */,
				DC2C335A29D1A6B8000F10FC /* Products */,
			);
			sourceTree = "<group>";
		};
		DC2C335A29D1A6B8000F10FC /* Products */ = {
			isa = PBXGroup;
			children = (
				DC2C335929D1A6B8000F10FC /* projeto02.app */,
			);
			name = Products;
			sourceTree = "<group>";
		};
		DC2C335B29D1A6B8000F10FC /* projeto02 */ = {
			isa = PBXGroup;
			children = (
				DC2C335C29D1A6B8000F10FC /* AppDelegate.swift */,
				DC2C335E29D1A6B8000F10FC /* SceneDelegate.swift */,
				DC2C336029D1A6B8000F10FC /* ViewController.swift */,
				DC2C336229D1A6B8000F10FC /* Main.storyboard */,
				DC2C336529D1A6BF000F10FC /* Assets.xcassets */,
				DC2C336729D1A6BF000F10FC /* LaunchScreen.storyboard */,
				DC2C336A29D1A6BF000F10FC /* Info.plist */,
				DC56056129D1FB590017EBAC /* ViewController02.swift */,
			);
			path = projeto02;
			sourceTree = "<group>";
		};
/* End PBXGroup section */

/* Begin PBXNativeTarget section */
		DC2C335829D1A6B8000F10FC /* projeto02 */ = {
			isa = PBXNativeTarget;
			buildConfigurationList = DC2C336D29D1A6BF000F10FC /* Build configuration list for PBXNativeTarget "projeto02" */;
			buildPhases = (
				DC2C335529D1A6B8000F10FC /* Sources */,
				DC2C335629D1A6B8000F10FC /* Frameworks */,
				DC2C335729D1A6B8000F10FC /* Resources */,
			);
			buildRules = (
			);
			dependencies = (
			);
			name = projeto02;
			productName = projeto02;
			productReference = DC2C335929D1A6B8000F10FC /* projeto02.app */;
			productType = "com.apple.product-type.application";
		};
/* End PBXNativeTarget section */

/* Begin PBXProject section */
		DC2C335129D1A6B8000F10FC /* Project object */ = {
			isa = PBXProject;
			attributes = {
				LastSwiftUpdateCheck = 1200;
				LastUpgradeCheck = 1200;
				TargetAttributes = {
					DC2C335829D1A6B8000F10FC = {
						CreatedOnToolsVersion = 12.0.1;
					};
				};
			};
			buildConfigurationList = DC2C335429D1A6B8000F10FC /* Build configuration list for PBXProject "projeto02" */;
			compatibilityVersion = "Xcode 9.3";
			developmentRegion = en;
			hasScannedForEncodings = 0;
			knownRegions = (
				en,
				Base,
			);
			mainGroup = DC2C335029D1A6B8000F10FC;
			productRefGroup = DC2C335A29D1A6B8000F10FC /* Products */;
			projectDirPath = "";
			projectRoot = "";
			targets = (
				DC2C335829D1A6B8000F10FC /* projeto02 */,
			);
		};
/* End PBXProject section */

/* Begin PBXResourcesBuildPhase section */
		DC2C335729D1A6B8000F10FC /* Resources */ = {
			isa = PBXResourcesBuildPhase;
			buildActionMask = 2147483647;
			files = (
				DC2C336929D1A6BF000F10FC /* LaunchScreen.storyboard in Resources */,
				DC2C336629D1A6BF000F10FC /* Assets.xcassets in Resources */,
				DC2C336429D1A6B8000F10FC /* Main.storyboard in Resources */,
			);
			runOnlyForDeploymentPostprocessing = 0;
		};
/* End PBXResourcesBuildPhase section */

/* Begin PBXSourcesBuildPhase section */
		DC2C335529D1A6B8000F10FC /* Sources */ = {
			isa = PBXSourcesBuildPhase;
			buildActionMask = 2147483647;
			files = (
				DC2C336129D1A6B8000F10FC /* ViewController.swift in Sources */,
				DC2C335D29D1A6B8000F10FC /* AppDelegate.swift in Sources */,
				DC56056229D1FB590017EBAC /* ViewController02.swift in Sources */,
				DC2C335F29D1A6B8000F10FC /* SceneDelegate.swift in Sources */,
			);
			runOnlyForDeploymentPostprocessing = 0;
		};
/* End PBXSourcesBuildPhase section */

/* Begin PBXVariantGroup section */
		DC2C336229D1A6B8000F10FC /* Main.storyboard */ = {
			isa = PBXVariantGroup;
			children = (
				DC2C336329D1A6B8000F10FC /* Base */,
			);
			name = Main.storyboard;
			sourceTree = "<group>";
		};
		DC2C336729D1A6BF000F10FC /* LaunchScreen.storyboard */ = {
			isa = PBXVariantGroup;
			children = (
				DC2C336829D1A6BF000F10FC /* Base */,
			);
			name = LaunchScreen.storyboard;
			sourceTree = "<group>";
		};
/* End PBXVariantGroup section */

/* Begin XCBuildConfiguration section */
		DC2C336B29D1A6BF000F10FC /* Debug */ = {
			isa = XCBuildConfiguration;
			buildSettings = {
				ALWAYS_SEARCH_USER_PATHS = NO;
				CLANG_ANALYZER_NONNULL = YES;
				CLANG_ANALYZER_NUMBER_OBJECT_CONVERSION = YES_AGGRESSIVE;
				CLANG_CXX_LANGUAGE_STANDARD = "gnu++14";
				CLANG_CXX_LIBRARY = "libc++";
				CLANG_ENABLE_MODULES = YES;
				CLANG_ENABLE_OBJC_ARC = YES;
				CLANG_ENABLE_OBJC_WEAK = YES;
				CLANG_WARN_BLOCK_CAPTURE_AUTORELEASING = YES;
				CLANG_WARN_BOOL_CONVERSION = YES;
				CLANG_WARN_COMMA = YES;
				CLANG_WARN_CONSTANT_CONVERSION = YES;
				CLANG_WARN_DEPRECATED_OBJC_IMPLEMENTATIONS = YES;
				CLANG_WARN_DIRECT_OBJC_ISA_USAGE = YES_ERROR;
				CLANG_WARN_DOCUMENTATION_COMMENTS = YES;
				CLANG_WARN_EMPTY_BODY = YES;
				CLANG_WARN_ENUM_CONVERSION = YES;
				CLANG_WARN_INFINITE_RECURSION = YES;
				CLANG_WARN_INT_CONVERSION = YES;
				CLANG_WARN_NON_LITERAL_NULL_CONVERSION = YES;
				CLANG_WARN_OBJC_IMPLICIT_RETAIN_SELF = YES;
				CLANG_WARN_OBJC_LITERAL_CONVERSION = YES;
				CLANG_WARN_OBJC_ROOT_CLASS = YES_ERROR;
				CLANG_WARN_QUOTED_INCLUDE_IN_FRAMEWORK_HEADER = YES;
				CLANG_WARN_RANGE_LOOP_ANALYSIS = YES;
				CLANG_WARN_STRICT_PROTOTYPES = YES;
				CLANG_WARN_SUSPICIOUS_MOVE = YES;
				CLANG_WARN_UNGUARDED_AVAILABILITY = YES_AGGRESSIVE;
				CLANG_WARN_UNREACHABLE_CODE = YES;
				CLANG_WARN__DUPLICATE_METHOD_MATCH = YES;
				COPY_PHASE_STRIP = NO;
				DEBUG_INFORMATION_FORMAT = dwarf;
				ENABLE_STRICT_OBJC_MSGSEND = YES;
				ENABLE_TESTABILITY = YES;
				GCC_C_LANGUAGE_STANDARD = gnu11;
				GCC_DYNAMIC_NO_PIC = NO;
				GCC_NO_COMMON_BLOCKS = YES;
				GCC_OPTIMIZATION_LEVEL = 0;
				GCC_PREPROCESSOR_DEFINITIONS = (
					"DEBUG=1",
					"$(inherited)",
				);
				GCC_WARN_64_TO_32_BIT_CONVERSION = YES;
				GCC_WARN_ABOUT_RETURN_TYPE = YES_ERROR;
				GCC_WARN_UNDECLARED_SELECTOR = YES;
				GCC_WARN_UNINITIALIZED_AUTOS = YES_AGGRESSIVE;
				GCC_WARN_UNUSED_FUNCTION = YES;
				GCC_WARN_UNUSED_VARIABLE = YES;
				IPHONEOS_DEPLOYMENT_TARGET = 14.0;
				MTL_ENABLE_DEBUG_INFO = INCLUDE_SOURCE;
				MTL_FAST_MATH = YES;
				ONLY_ACTIVE_ARCH = YES;
				SDKROOT = iphoneos;
				SWIFT_ACTIVE_COMPILATION_CONDITIONS = DEBUG;
				SWIFT_OPTIMIZATION_LEVEL = "-Onone";
			};
			name = Debug;
		};
		DC2C336C29D1A6BF000F10FC /* Release */ = {
			isa = XCBuildConfiguration;
			buildSettings = {
				ALWAYS_SEARCH_USER_PATHS = NO;
				CLANG_ANALYZER_NONNULL = YES;
				CLANG_ANALYZER_NUMBER_OBJECT_CONVERSION = YES_AGGRESSIVE;
				CLANG_CXX_LANGUAGE_STANDARD = "gnu++14";
				CLANG_CXX_LIBRARY = "libc++";
				CLANG_ENABLE_MODULES = YES;
				CLANG_ENABLE_OBJC_ARC = YES;
				CLANG_ENABLE_OBJC_WEAK = YES;
				CLANG_WARN_BLOCK_CAPTURE_AUTORELEASING = YES;
				CLANG_WARN_BOOL_CONVERSION = YES;
				CLANG_WARN_COMMA = YES;
				CLANG_WARN_CONSTANT_CONVERSION = YES;
				CLANG_WARN_DEPRECATED_OBJC_IMPLEMENTATIONS = YES;
				CLANG_WARN_DIRECT_OBJC_ISA_USAGE = YES_ERROR;
				CLANG_WARN_DOCUMENTATION_COMMENTS = YES;
				CLANG_WARN_EMPTY_BODY = YES;
				CLANG_WARN_ENUM_CONVERSION = YES;
				CLANG_WARN_INFINITE_RECURSION = YES;
				CLANG_WARN_INT_CONVERSION = YES;
				CLANG_WARN_NON_LITERAL_NULL_CONVERSION = YES;
				CLANG_WARN_OBJC_IMPLICIT_RETAIN_SELF = YES;
				CLANG_WARN_OBJC_LITERAL_CONVERSION = YES;
				CLANG_WARN_OBJC_ROOT_CLASS = YES_ERROR;
				CLANG_WARN_QUOTED_INCLUDE_IN_FRAMEWORK_HEADER = YES;
				CLANG_WARN_RANGE_LOOP_ANALYSIS = YES;
				CLANG_WARN_STRICT_PROTOTYPES = YES;
				CLANG_WARN_SUSPICIOUS_MOVE = YES;
				CLANG_WARN_UNGUARDED_AVAILABILITY = YES_AGGRESSIVE;
				CLANG_WARN_UNREACHABLE_CODE = YES;
				CLANG_WARN__DUPLICATE_METHOD_MATCH = YES;
				COPY_PHASE_STRIP = NO;
				DEBUG_INFORMATION_FORMAT = "dwarf-with-dsym";
				ENABLE_NS_ASSERTIONS = NO;
				ENABLE_STRICT_OBJC_MSGSEND = YES;
				GCC_C_LANGUAGE_STANDARD = gnu11;
				GCC_NO_COMMON_BLOCKS = YES;
				GCC_WARN_64_TO_32_BIT_CONVERSION = YES;
				GCC_WARN_ABOUT_RETURN_TYPE = YES_ERROR;
				GCC_WARN_UNDECLARED_SELECTOR = YES;
				GCC_WARN_UNINITIALIZED_AUTOS = YES_AGGRESSIVE;
				GCC_WARN_UNUSED_FUNCTION = YES;
				GCC_WARN_UNUSED_VARIABLE = YES;
				IPHONEOS_DEPLOYMENT_TARGET = 14.0;
				MTL_ENABLE_DEBUG_INFO = NO;
				MTL_FAST_MATH = YES;
				SDKROOT = iphoneos;
				SWIFT_COMPILATION_MODE = wholemodule;
				SWIFT_OPTIMIZATION_LEVEL = "-O";
				VALIDATE_PRODUCT = YES;
			};
			name = Release;
		};
		DC2C336E29D1A6BF000F10FC /* Debug */ = {
			isa = XCBuildConfiguration;
			buildSettings = {
				ASSETCATALOG_COMPILER_APPICON_NAME = AppIcon;
				ASSETCATALOG_COMPILER_GLOBAL_ACCENT_COLOR_NAME = AccentColor;
				CODE_SIGN_STYLE = Automatic;
				INFOPLIST_FILE = projeto02/Info.plist;
				LD_RUNPATH_SEARCH_PATHS = (
					"$(inherited)",
					"@executable_path/Frameworks",
				);
				PRODUCT_BUNDLE_IDENTIFIER = com.cotemig.projeto02;
				PRODUCT_NAME = "$(TARGET_NAME)";
				SWIFT_VERSION = 5.0;
				TARGETED_DEVICE_FAMILY = "1,2";
			};
			name = Debug;
		};
		DC2C336F29D1A6BF000F10FC /* Release */ = {
			isa = XCBuildConfiguration;
			buildSettings = {
				ASSETCATALOG_COMPILER_APPICON_NAME = AppIcon;
				ASSETCATALOG_COMPILER_GLOBAL_ACCENT_COLOR_NAME = AccentColor;
				CODE_SIGN_STYLE = Automatic;
				INFOPLIST_FILE = projeto02/Info.plist;
				LD_RUNPATH_SEARCH_PATHS = (
					"$(inherited)",
					"@executable_path/Frameworks",
				);
				PRODUCT_BUNDLE_IDENTIFIER = com.cotemig.projeto02;
				PRODUCT_NAME = "$(TARGET_NAME)";
				SWIFT_VERSION = 5.0;
				TARGETED_DEVICE_FAMILY = "1,2";
			};
			name = Release;
		};
/* End XCBuildConfiguration section */

/* Begin XCConfigurationList section */
		DC2C335429D1A6B8000F10FC /* Build configuration list for PBXProject "projeto02" */ = {
			isa = XCConfigurationList;
			buildConfigurations = (
				DC2C336B29D1A6BF000F10FC /* Debug */,
				DC2C336C29D1A6BF000F10FC /* Release */,
			);
			defaultConfigurationIsVisible = 0;
			defaultConfigurationName = Release;
		};
		DC2C336D29D1A6BF000F10FC /* Build configuration list for PBXNativeTarget "projeto02" */ = {
			isa = XCConfigurationList;
			buildConfigurations = (
				DC2C336E29D1A6BF000F10FC /* Debug */,
				DC2C336F29D1A6BF000F10FC /* Release */,
			);
			defaultConfigurationIsVisible = 0;
			defaultConfigurationName = Release;
		};
/* End XCConfigurationList section */
	};
	rootObject = DC2C335129D1A6B8000F10FC /* Project object */;
}
